
Microsoft Visual Studio Solution File, Format Version 12.00
# Visual Studio Version 17
VisualStudioVersion = 17.4.33205.214
MinimumVisualStudioVersion = 10.0.40219.1
Project("{FAE04EC0-301F-11D3-BF4B-00C04F79EFBC}") = "DurableIsolatedFunction", "DurableIsolatedFunction\DurableIsolatedFunction.csproj", "{F6359923-39B2-4110-A51E-98421A3B1178}"
EndProject
Global
	GlobalSection(SolutionConfigurationPlatforms) = preSolution
		Debug|Any CPU = Debug|Any CPU
		Release|Any CPU = Release|Any CPU
	EndGlobalSection
	GlobalSection(ProjectConfigurationPlatforms) = postSolution
		{F6359923-39B2-4110-A51E-98421A3B1178}.Debug|Any CPU.ActiveCfg = Debug|Any CPU
		{F6359923-39B2-4110-A51E-98421A3B1178}.Debug|Any CPU.Build.0 = Debug|Any CPU
		{F6359923-39B2-4110-A51E-98421A3B1178}.Release|Any CPU.ActiveCfg = Release|Any CPU
		{F6359923-39B2-4110-A51E-98421A3B1178}.Release|Any CPU.Build.0 = Release|Any CPU
	EndGlobalSection
	GlobalSection(SolutionProperties) = preSolution
		HideSolutionNode = FALSE
	EndGlobalSection
	GlobalSection(ExtensibilityGlobals) = postSolution
		SolutionGuid = {B4DFCDC6-529C-4248-A8F3-F38026B9F21E}
	EndGlobalSection
EndGlobal
